// !$*UTF8*$!
{
	archiveVersion = 1;
	classes = {
	};
	objectVersion = 46;
	objects = {

/* Begin PBXBuildFile section */
		681E51DA1CC9EC00002B803B /* main.m in Sources */ = {isa = PBXBuildFile; fileRef = 681E51D91CC9EC00002B803B /* main.m */; };
		681E51DD1CC9EC00002B803B /* AppDelegate.m in Sources */ = {isa = PBXBuildFile; fileRef = 681E51DC1CC9EC00002B803B /* AppDelegate.m */; };
		681E51E01CC9EC00002B803B /* ViewController.m in Sources */ = {isa = PBXBuildFile; fileRef = 681E51DF1CC9EC00002B803B /* ViewController.m */; };
		681E51E31CC9EC00002B803B /* Main.storyboard in Resources */ = {isa = PBXBuildFile; fileRef = 681E51E11CC9EC00002B803B /* Main.storyboard */; };
		681E51E51CC9EC00002B803B /* Assets.xcassets in Resources */ = {isa = PBXBuildFile; fileRef = 681E51E41CC9EC00002B803B /* Assets.xcassets */; };
		681E51E81CC9EC00002B803B /* LaunchScreen.storyboard in Resources */ = {isa = PBXBuildFile; fileRef = 681E51E61CC9EC00002B803B /* LaunchScreen.storyboard */; };
/* End PBXBuildFile section */

/* Begin PBXFileReference section */
		681E51D51CC9EC00002B803B /* RuntimeDemo.app */ = {isa = PBXFileReference; explicitFileType = wrapper.application; includeInIndex = 0; path = RuntimeDemo.app; sourceTree = BUILT_PRODUCTS_DIR; };
		681E51D91CC9EC00002B803B /* main.m */ = {isa = PBXFileReference; lastKnownFileType = sourcecode.c.objc; path = main.m; sourceTree = "<group>"; };
		681E51DB1CC9EC00002B803B /* AppDelegate.h */ = {isa = PBXFileReference; lastKnownFileType = sourcecode.c.h; path = AppDelegate.h; sourceTree = "<group>"; };
		681E51DC1CC9EC00002B803B /* AppDelegate.m */ = {isa = PBXFileReference; lastKnownFileType = sourcecode.c.objc; path = AppDelegate.m; sourceTree = "<group>"; };
		681E51DE1CC9EC00002B803B /* ViewController.h */ = {isa = PBXFileReference; lastKnownFileType = sourcecode.c.h; path = ViewController.h; sourceTree = "<group>"; };
		681E51DF1CC9EC00002B803B /* ViewController.m */ = {isa = PBXFileReference; lastKnownFileType = sourcecode.c.objc; path = ViewController.m; sourceTree = "<group>"; };
		681E51E21CC9EC00002B803B /* Base */ = {isa = PBXFileReference; lastKnownFileType = file.storyboard; name = Base; path = Base.lproj/Main.storyboard; sourceTree = "<group>"; };
		681E51E41CC9EC00002B803B /* Assets.xcassets */ = {isa = PBXFileReference; lastKnownFileType = folder.assetcatalog; path = Assets.xcassets; sourceTree = "<group>"; };
		681E51E71CC9EC00002B803B /* Base */ = {isa = PBXFileReference; lastKnownFileType = file.storyboard; name = Base; path = Base.lproj/LaunchScreen.storyboard; sourceTree = "<group>"; };
		681E51E91CC9EC00002B803B /* Info.plist */ = {isa = PBXFileReference; lastKnownFileType = text.plist.xml; path = Info.plist; sourceTree = "<group>"; };
/* End PBXFileReference section */

/* Begin PBXFrameworksBuildPhase section */
		681E51D21CC9EC00002B803B /* Frameworks */ = {
			isa = PBXFrameworksBuildPhase;
			buildActionMask = 2147483647;
			files = (
			);
			runOnlyForDeploymentPostprocessing = 0;
		};
/* End PBXFrameworksBuildPhase section */

/* Begin PBXGroup section */
		681E51CC1CC9EC00002B803B = {
			isa = PBXGroup;
			children = (
				681E51D71CC9EC00002B803B /* RuntimeDemo */,
				681E51D61CC9EC00002B803B /* Products */,
			);
			sourceTree = "<group>";
		};
		681E51D61CC9EC00002B803B /* Products */ = {
			isa = PBXGroup;
			children = (
				681E51D51CC9EC00002B803B /* RuntimeDemo.app */,
			);
			name = Products;
			sourceTree = "<group>";
		};
		681E51D71CC9EC00002B803B /* RuntimeDemo */ = {
			isa = PBXGroup;
			children = (
				681E51DB1CC9EC00002B803B /* AppDelegate.h */,
				681E51DC1CC9EC00002B803B /* AppDelegate.m */,
				681E51DE1CC9EC00002B803B /* ViewController.h */,
				681E51DF1CC9EC00002B803B /* ViewController.m */,
				681E51E11CC9EC00002B803B /* Main.storyboard */,
				681E51E41CC9EC00002B803B /* Assets.xcassets */,
				681E51E61CC9EC00002B803B /* LaunchScreen.storyboard */,
				681E51E91CC9EC00002B803B /* Info.plist */,
				681E51D81CC9EC00002B803B /* Supporting Files */,
			);
			path = RuntimeDemo;
			sourceTree = "<group>";
		};
		681E51D81CC9EC00002B803B /* Supporting Files */ = {
			isa = PBXGroup;
			children = (
				681E51D91CC9EC00002B803B /* main.m */,
			);
			name = "Supporting Files";
			sourceTree = "<group>";
		};
/* End PBXGroup section */

/* Begin PBXNativeTarget section */
		681E51D41CC9EC00002B803B /* RuntimeDemo */ = {
			isa = PBXNativeTarget;
			buildConfigurationList = 681E51EC1CC9EC00002B803B /* Build configuration list for PBXNativeTarget "RuntimeDemo" */;
			buildPhases = (
				681E51D11CC9EC00002B803B /* Sources */,
				681E51D21CC9EC00002B803B /* Frameworks */,
				681E51D31CC9EC00002B803B /* Resources */,
			);
			buildRules = (
			);
			dependencies = (
			);
			name = RuntimeDemo;
			productName = RuntimeDemo;
			productReference = 681E51D51CC9EC00002B803B /* RuntimeDemo.app */;
			productType = "com.apple.product-type.application";
		};
/* End PBXNativeTarget section */

/* Begin PBXProject section */
		681E51CD1CC9EC00002B803B /* Project object */ = {
			isa = PBXProject;
			attributes = {
				LastUpgradeCheck = 0730;
				ORGANIZATIONNAME = "侯康柱";
				TargetAttributes = {
					681E51D41CC9EC00002B803B = {
						CreatedOnToolsVersion = 7.3;
					};
				};
			};
			buildConfigurationList = 681E51D01CC9EC00002B803B /* Build configuration list for PBXProject "RuntimeDemo" */;
			compatibilityVersion = "Xcode 3.2";
			developmentRegion = English;
			hasScannedForEncodings = 0;
			knownRegions = (
				en,
				Base,
			);
			mainGroup = 681E51CC1CC9EC00002B803B;
			productRefGroup = 681E51D61CC9EC00002B803B /* Products */;
			projectDirPath = "";
			projectRoot = "";
			targets = (
				681E51D41CC9EC00002B803B /* RuntimeDemo */,
			);
		};
/* End PBXProject section */

/* Begin PBXResourcesBuildPhase section */
		681E51D31CC9EC00002B803B /* Resources */ = {
			isa = PBXResourcesBuildPhase;
			buildActionMask = 2147483647;
			files = (
				681E51E81CC9EC00002B803B /* LaunchScreen.storyboard in Resources */,
				681E51E51CC9EC00002B803B /* Assets.xcassets in Resources */,
				681E51E31CC9EC00002B803B /* Main.storyboard in Resources */,
			);
			runOnlyForDeploymentPostprocessing = 0;
		};
/* End PBXResourcesBuildPhase section */

/* Begin PBXSourcesBuildPhase section */
		681E51D11CC9EC00002B803B /* Sources */ = {
			isa = PBXSourcesBuildPhase;
			buildActionMask = 2147483647;
			files = (
				681E51E01CC9EC00002B803B /* ViewController.m in Sources */,
				681E51DD1CC9EC00002B803B /* AppDelegate.m in Sources */,
				681E51DA1CC9EC00002B803B /* main.m in Sources */,
			);
			runOnlyForDeploymentPostprocessing = 0;
		};
/* End PBXSourcesBuildPhase section */

/* Begin PBXVariantGroup section */
		681E51E11CC9EC00002B803B /* Main.storyboard */ = {
			isa = PBXVariantGroup;
			children = (
				681E51E21CC9EC00002B803B /* Base */,
			);
			name = Main.storyboard;
			sourceTree = "<group>";
		};
		681E51E61CC9EC00002B803B /* LaunchScreen.storyboard */ = {
			isa = PBXVariantGroup;
			children = (
				681E51E71CC9EC00002B803B /* Base */,
			);
			name = LaunchScreen.storyboard;
			sourceTree = "<group>";
		};
/* End PBXVariantGroup section */

/* Begin XCBuildConfiguration section */
		681E51EA1CC9EC00002B803B /* Debug */ = {
			isa = XCBuildConfiguration;
			buildSettings = {
				ALWAYS_SEARCH_USER_PATHS = NO;
				CLANG_ANALYZER_NONNULL = YES;
				CLANG_CXX_LANGUAGE_STANDARD = "gnu++0x";
				CLANG_CXX_LIBRARY = "libc++";
				CLANG_ENABLE_MODULES = YES;
				CLANG_ENABLE_OBJC_ARC = YES;
				CLANG_WARN_BOOL_CONVERSION = YES;
				CLANG_WARN_CONSTANT_CONVERSION = YES;
				CLANG_WARN_DIRECT_OBJC_ISA_USAGE = YES_ERROR;
				CLANG_WARN_EMPTY_BODY = YES;
				CLANG_WARN_ENUM_CONVERSION = YES;
				CLANG_WARN_INT_CONVERSION = YES;
				CLANG_WARN_OBJC_ROOT_CLASS = YES_ERROR;
				CLANG_WARN_UNREACHABLE_CODE = YES;
				CLANG_WARN__DUPLICATE_METHOD_MATCH = YES;
				"CODE_SIGN_IDENTITY[sdk=iphoneos*]" = "iPhone Developer";
				COPY_PHASE_STRIP = NO;
				DEBUG_INFORMATION_FORMAT = dwarf;
				ENABLE_STRICT_OBJC_MSGSEND = YES;
				ENABLE_TESTABILITY = YES;
				GCC_C_LANGUAGE_STANDARD = gnu99;
				GCC_DYNAMIC_NO_PIC = NO;
				GCC_NO_COMMON_BLOCKS = YES;
				GCC_OPTIMIZATION_LEVEL = 0;
				GCC_PREPROCESSOR_DEFINITIONS = (
					"DEBUG=1",
					"$(inherited)",
				);
				GCC_WARN_64_TO_32_BIT_CONVERSION = YES;
				GCC_WARN_ABOUT_RETURN_TYPE = YES_ERROR;
				GCC_WARN_UNDECLARED_SELECTOR = YES;
				GCC_WARN_UNINITIALIZED_AUTOS = YES_AGGRESSIVE;
				GCC_WARN_UNUSED_FUNCTION = YES;
				GCC_WARN_UNUSED_VARIABLE = YES;
				IPHONEOS_DEPLOYMENT_TARGET = 9.3;
				MTL_ENABLE_DEBUG_INFO = YES;
				ONLY_ACTIVE_ARCH = YES;
				SDKROOT = iphoneos;
				TARGETED_DEVICE_FAMILY = "1,2";
			};
			name = Debug;
		};
		681E51EB1CC9EC00002B803B /* Release */ = {
			isa = XCBuildConfiguration;
			buildSettings = {
				ALWAYS_SEARCH_USER_PATHS = NO;
				CLANG_ANALYZER_NONNULL = YES;
				CLANG_CXX_LANGUAGE_STANDARD = "gnu++0x";
				CLANG_CXX_LIBRARY = "libc++";
				CLANG_ENABLE_MODULES = YES;
				CLANG_ENABLE_OBJC_ARC = YES;
				CLANG_WARN_BOOL_CONVERSION = YES;
				CLANG_WARN_CONSTANT_CONVERSION = YES;
				CLANG_WARN_DIRECT_OBJC_ISA_USAGE = YES_ERROR;
				CLANG_WARN_EMPTY_BODY = YES;
				CLANG_WARN_ENUM_CONVERSION = YES;
				CLANG_WARN_INT_CONVERSION = YES;
				CLANG_WARN_OBJC_ROOT_CLASS = YES_ERROR;
				CLANG_WARN_UNREACHABLE_CODE = YES;
				CLANG_WARN__DUPLICATE_METHOD_MATCH = YES;
				"CODE_SIGN_IDENTITY[sdk=iphoneos*]" = "iPhone Developer";
				COPY_PHASE_STRIP = NO;
				DEBUG_INFORMATION_FORMAT = "dwarf-with-dsym";
				ENABLE_NS_ASSERTIONS = NO;
				ENABLE_STRICT_OBJC_MSGSEND = YES;
				GCC_C_LANGUAGE_STANDARD = gnu99;
				GCC_NO_COMMON_BLOCKS = YES;
				GCC_WARN_64_TO_32_BIT_CONVERSION = YES;
				GCC_WARN_ABOUT_RETURN_TYPE = YES_ERROR;
				GCC_WARN_UNDECLARED_SELECTOR = YES;
				GCC_WARN_UNINITIALIZED_AUTOS = YES_AGGRESSIVE;
				GCC_WARN_UNUSED_FUNCTION = YES;
				GCC_WARN_UNUSED_VARIABLE = YES;
				IPHONEOS_DEPLOYMENT_TARGET = 9.3;
				MTL_ENABLE_DEBUG_INFO = NO;
				SDKROOT = iphoneos;
				TARGETED_DEVICE_FAMILY = "1,2";
				VALIDATE_PRODUCT = YES;
			};
			name = Release;
		};
		681E51ED1CC9EC00002B803B /* Debug */ = {
			isa = XCBuildConfiguration;
			buildSettings = {
				ASSETCATALOG_COMPILER_APPICON_NAME = AppIcon;
				INFOPLIST_FILE = RuntimeDemo/Info.plist;
				LD_RUNPATH_SEARCH_PATHS = "$(inherited) @executable_path/Frameworks";
				PRODUCT_BUNDLE_IDENTIFIER = com.houkangzhu.RuntimeDemo;
				PRODUCT_NAME = "$(TARGET_NAME)";
			};
			name = Debug;
		};
		681E51EE1CC9EC00002B803B /* Release */ = {
			isa = XCBuildConfiguration;
			buildSettings = {
				ASSETCATALOG_COMPILER_APPICON_NAME = AppIcon;
				INFOPLIST_FILE = RuntimeDemo/Info.plist;
				LD_RUNPATH_SEARCH_PATHS = "$(inherited) @executable_path/Frameworks";
				PRODUCT_BUNDLE_IDENTIFIER = com.houkangzhu.RuntimeDemo;
				PRODUCT_NAME = "$(TARGET_NAME)";
			};
			name = Release;
		};
/* End XCBuildConfiguration section */

/* Begin XCConfigurationList section */
		681E51D01CC9EC00002B803B /* Build configuration list for PBXProject "RuntimeDemo" */ = {
			isa = XCConfigurationList;
			buildConfigurations = (
				681E51EA1CC9EC00002B803B /* Debug */,
				681E51EB1CC9EC00002B803B /* Release */,
			);
			defaultConfigurationIsVisible = 0;
			defaultConfigurationName = Release;
		};
		681E51EC1CC9EC00002B803B /* Build configuration list for PBXNativeTarget "RuntimeDemo" */ = {
			isa = XCConfigurationList;
			buildConfigurations = (
				681E51ED1CC9EC00002B803B /* Debug */,
				681E51EE1CC9EC00002B803B /* Release */,
			);
			defaultConfigurationIsVisible = 0;
		};
/* End XCConfigurationList section */
	};
	rootObject = 681E51CD1CC9EC00002B803B /* Project object */;
}
